// !$*UTF8*$!
{
	archiveVersion = 1;
	classes = {
	};
	objectVersion = 77;
	objects = {

/* Begin PBXBuildFile section */
		D94091542DD3C462006BDB0F /* FirebaseAuth in Frameworks */ = {isa = PBXBuildFile; productRef = D94091532DD3C462006BDB0F /* FirebaseAuth */; };
		D94091562DD3C462006BDB0F /* FirebaseAuthCombine-Community in Frameworks */ = {isa = PBXBuildFile; productRef = D94091552DD3C462006BDB0F /* FirebaseAuthCombine-Community */; };
		D94091582DD3C462006BDB0F /* FirebaseCore in Frameworks */ = {isa = PBXBuildFile; productRef = D94091572DD3C462006BDB0F /* FirebaseCore */; };
		D940915A2DD3C462006BDB0F /* FirebaseDatabase in Frameworks */ = {isa = PBXBuildFile; productRef = D94091592DD3C462006BDB0F /* FirebaseDatabase */; };
		D940915C2DD3C462006BDB0F /* FirebaseFirestore in Frameworks */ = {isa = PBXBuildFile; productRef = D940915B2DD3C462006BDB0F /* FirebaseFirestore */; };
		D940915E2DD3C462006BDB0F /* FirebaseFirestoreCombine-Community in Frameworks */ = {isa = PBXBuildFile; productRef = D940915D2DD3C462006BDB0F /* FirebaseFirestoreCombine-Community */; };
		D94091602DD3C462006BDB0F /* FirebaseFunctions in Frameworks */ = {isa = PBXBuildFile; productRef = D940915F2DD3C462006BDB0F /* FirebaseFunctions */; };
		D94091622DD3C462006BDB0F /* FirebaseMessaging in Frameworks */ = {isa = PBXBuildFile; productRef = D94091612DD3C462006BDB0F /* FirebaseMessaging */; };
		D94091642DD3C462006BDB0F /* FirebaseStorage in Frameworks */ = {isa = PBXBuildFile; productRef = D94091632DD3C462006BDB0F /* FirebaseStorage */; };
		D94091662DD3C462006BDB0F /* FirebaseStorageCombine-Community in Frameworks */ = {isa = PBXBuildFile; productRef = D94091652DD3C462006BDB0F /* FirebaseStorageCombine-Community */; };
/* End PBXBuildFile section */

/* Begin PBXContainerItemProxy section */
		D90123362D965A0F00DB3164 /* PBXContainerItemProxy */ = {
			isa = PBXContainerItemProxy;
			containerPortal = D901231D2D965A0D00DB3164 /* Project object */;
			proxyType = 1;
			remoteGlobalIDString = D90123242D965A0D00DB3164;
			remoteInfo = Plateify;
		};
		D90123402D965A0F00DB3164 /* PBXContainerItemProxy */ = {
			isa = PBXContainerItemProxy;
			containerPortal = D901231D2D965A0D00DB3164 /* Project object */;
			proxyType = 1;
			remoteGlobalIDString = D90123242D965A0D00DB3164;
			remoteInfo = Plateify;
		};
/* End PBXContainerItemProxy section */

/* Begin PBXFileReference section */
		D90123252D965A0D00DB3164 /* Plateify.app */ = {isa = PBXFileReference; explicitFileType = wrapper.application; includeInIndex = 0; path = Plateify.app; sourceTree = BUILT_PRODUCTS_DIR; };
		D90123352D965A0F00DB3164 /* PlateifyTests.xctest */ = {isa = PBXFileReference; explicitFileType = wrapper.cfbundle; includeInIndex = 0; path = PlateifyTests.xctest; sourceTree = BUILT_PRODUCTS_DIR; };
		D901233F2D965A0F00DB3164 /* PlateifyUITests.xctest */ = {isa = PBXFileReference; explicitFileType = wrapper.cfbundle; includeInIndex = 0; path = PlateifyUITests.xctest; sourceTree = BUILT_PRODUCTS_DIR; };
/* End PBXFileReference section */

/* Begin PBXFileSystemSynchronizedRootGroup section */
		D90123272D965A0D00DB3164 /* Plateify */ = {
			isa = PBXFileSystemSynchronizedRootGroup;
			path = Plateify;
			sourceTree = "<group>";
		};
/* End PBXFileSystemSynchronizedRootGroup section */

/* Begin PBXFrameworksBuildPhase section */
		D90123222D965A0D00DB3164 /* Frameworks */ = {
			isa = PBXFrameworksBuildPhase;
			buildActionMask = 2147483647;
			files = (
				D94091622DD3C462006BDB0F /* FirebaseMessaging in Frameworks */,
				D94091542DD3C462006BDB0F /* FirebaseAuth in Frameworks */,
				D94091662DD3C462006BDB0F /* FirebaseStorageCombine-Community in Frameworks */,
				D94091642DD3C462006BDB0F /* FirebaseStorage in Frameworks */,
				D94091602DD3C462006BDB0F /* FirebaseFunctions in Frameworks */,
				D94091582DD3C462006BDB0F /* FirebaseCore in Frameworks */,
				D940915A2DD3C462006BDB0F /* FirebaseDatabase in Frameworks */,
				D940915E2DD3C462006BDB0F /* FirebaseFirestoreCombine-Community in Frameworks */,
				D940915C2DD3C462006BDB0F /* FirebaseFirestore in Frameworks */,
				D94091562DD3C462006BDB0F /* FirebaseAuthCombine-Community in Frameworks */,
			);
			runOnlyForDeploymentPostprocessing = 0;
		};
		D90123322D965A0F00DB3164 /* Frameworks */ = {
			isa = PBXFrameworksBuildPhase;
			buildActionMask = 2147483647;
			files = (
			);
			runOnlyForDeploymentPostprocessing = 0;
		};
		D901233C2D965A0F00DB3164 /* Frameworks */ = {
			isa = PBXFrameworksBuildPhase;
			buildActionMask = 2147483647;
			files = (
			);
			runOnlyForDeploymentPostprocessing = 0;
		};
/* End PBXFrameworksBuildPhase section */

/* Begin PBXGroup section */
		D901231C2D965A0D00DB3164 = {
			isa = PBXGroup;
			children = (
				D90123272D965A0D00DB3164 /* Plateify */,
				D90123262D965A0D00DB3164 /* Products */,
			);
			sourceTree = "<group>";
		};
		D90123262D965A0D00DB3164 /* Products */ = {
			isa = PBXGroup;
			children = (
				D90123252D965A0D00DB3164 /* Plateify.app */,
				D90123352D965A0F00DB3164 /* PlateifyTests.xctest */,
				D901233F2D965A0F00DB3164 /* PlateifyUITests.xctest */,
			);
			name = Products;
			sourceTree = "<group>";
		};
/* End PBXGroup section */

/* Begin PBXNativeTarget section */
		D90123242D965A0D00DB3164 /* Plateify */ = {
			isa = PBXNativeTarget;
			buildConfigurationList = D90123492D965A0F00DB3164 /* Build configuration list for PBXNativeTarget "Plateify" */;
			buildPhases = (
				D90123212D965A0D00DB3164 /* Sources */,
				D90123222D965A0D00DB3164 /* Frameworks */,
				D90123232D965A0D00DB3164 /* Resources */,
			);
			buildRules = (
			);
			dependencies = (
			);
			fileSystemSynchronizedGroups = (
				D90123272D965A0D00DB3164 /* Plateify */,
			);
			name = Plateify;
			packageProductDependencies = (
				D94091532DD3C462006BDB0F /* FirebaseAuth */,
				D94091552DD3C462006BDB0F /* FirebaseAuthCombine-Community */,
				D94091572DD3C462006BDB0F /* FirebaseCore */,
				D94091592DD3C462006BDB0F /* FirebaseDatabase */,
				D940915B2DD3C462006BDB0F /* FirebaseFirestore */,
				D940915D2DD3C462006BDB0F /* FirebaseFirestoreCombine-Community */,
				D940915F2DD3C462006BDB0F /* FirebaseFunctions */,
				D94091612DD3C462006BDB0F /* FirebaseMessaging */,
				D94091632DD3C462006BDB0F /* FirebaseStorage */,
				D94091652DD3C462006BDB0F /* FirebaseStorageCombine-Community */,
			);
			productName = Plateify;
			productReference = D90123252D965A0D00DB3164 /* Plateify.app */;
			productType = "com.apple.product-type.application";
		};
		D90123342D965A0F00DB3164 /* PlateifyTests */ = {
			isa = PBXNativeTarget;
			buildConfigurationList = D901234C2D965A0F00DB3164 /* Build configuration list for PBXNativeTarget "PlateifyTests" */;
			buildPhases = (
				D90123312D965A0F00DB3164 /* Sources */,
				D90123322D965A0F00DB3164 /* Frameworks */,
				D90123332D965A0F00DB3164 /* Resources */,
			);
			buildRules = (
			);
			dependencies = (
				D90123372D965A0F00DB3164 /* PBXTargetDependency */,
			);
			name = PlateifyTests;
			packageProductDependencies = (
			);
			productName = PlateifyTests;
			productReference = D90123352D965A0F00DB3164 /* PlateifyTests.xctest */;
			productType = "com.apple.product-type.bundle.unit-test";
		};
		D901233E2D965A0F00DB3164 /* PlateifyUITests */ = {
			isa = PBXNativeTarget;
			buildConfigurationList = D901234F2D965A0F00DB3164 /* Build configuration list for PBXNativeTarget "PlateifyUITests" */;
			buildPhases = (
				D901233B2D965A0F00DB3164 /* Sources */,
				D901233C2D965A0F00DB3164 /* Frameworks */,
				D901233D2D965A0F00DB3164 /* Resources */,
			);
			buildRules = (
			);
			dependencies = (
				D90123412D965A0F00DB3164 /* PBXTargetDependency */,
			);
			name = PlateifyUITests;
			packageProductDependencies = (
			);
			productName = PlateifyUITests;
			productReference = D901233F2D965A0F00DB3164 /* PlateifyUITests.xctest */;
			productType = "com.apple.product-type.bundle.ui-testing";
		};
/* End PBXNativeTarget section */

/* Begin PBXProject section */
		D901231D2D965A0D00DB3164 /* Project object */ = {
			isa = PBXProject;
			attributes = {
				BuildIndependentTargetsInParallel = 1;
				LastSwiftUpdateCheck = 1620;
				LastUpgradeCheck = 1620;
				TargetAttributes = {
					D90123242D965A0D00DB3164 = {
						CreatedOnToolsVersion = 16.2;
					};
					D90123342D965A0F00DB3164 = {
						CreatedOnToolsVersion = 16.2;
						TestTargetID = D90123242D965A0D00DB3164;
					};
					D901233E2D965A0F00DB3164 = {
						CreatedOnToolsVersion = 16.2;
						TestTargetID = D90123242D965A0D00DB3164;
					};
				};
			};
			buildConfigurationList = D90123202D965A0D00DB3164 /* Build configuration list for PBXProject "Plateify" */;
			developmentRegion = en;
			hasScannedForEncodings = 0;
			knownRegions = (
				en,
				Base,
			);
			mainGroup = D901231C2D965A0D00DB3164;
			minimizedProjectReferenceProxies = 1;
			packageReferences = (
				D94091522DD3C462006BDB0F /* XCRemoteSwiftPackageReference "firebase-ios-sdk" */,
			);
			preferredProjectObjectVersion = 77;
			productRefGroup = D90123262D965A0D00DB3164 /* Products */;
			projectDirPath = "";
			projectRoot = "";
			targets = (
				D90123242D965A0D00DB3164 /* Plateify */,
				D90123342D965A0F00DB3164 /* PlateifyTests */,
				D901233E2D965A0F00DB3164 /* PlateifyUITests */,
			);
		};
/* End PBXProject section */

/* Begin PBXResourcesBuildPhase section */
		D90123232D965A0D00DB3164 /* Resources */ = {
			isa = PBXResourcesBuildPhase;
			buildActionMask = 2147483647;
			files = (
			);
			runOnlyForDeploymentPostprocessing = 0;
		};
		D90123332D965A0F00DB3164 /* Resources */ = {
			isa = PBXResourcesBuildPhase;
			buildActionMask = 2147483647;
			files = (
			);
			runOnlyForDeploymentPostprocessing = 0;
		};
		D901233D2D965A0F00DB3164 /* Resources */ = {
			isa = PBXResourcesBuildPhase;
			buildActionMask = 2147483647;
			files = (
			);
			runOnlyForDeploymentPostprocessing = 0;
		};
/* End PBXResourcesBuildPhase section */

/* Begin PBXSourcesBuildPhase section */
		D90123212D965A0D00DB3164 /* Sources */ = {
			isa = PBXSourcesBuildPhase;
			buildActionMask = 2147483647;
			files = (
			);
			runOnlyForDeploymentPostprocessing = 0;
		};
		D90123312D965A0F00DB3164 /* Sources */ = {
			isa = PBXSourcesBuildPhase;
			buildActionMask = 2147483647;
			files = (
			);
			runOnlyForDeploymentPostprocessing = 0;
		};
		D901233B2D965A0F00DB3164 /* Sources */ = {
			isa = PBXSourcesBuildPhase;
			buildActionMask = 2147483647;
			files = (
			);
			runOnlyForDeploymentPostprocessing = 0;
		};
/* End PBXSourcesBuildPhase section */

/* Begin PBXTargetDependency section */
		D90123372D965A0F00DB3164 /* PBXTargetDependency */ = {
			isa = PBXTargetDependency;
			target = D90123242D965A0D00DB3164 /* Plateify */;
			targetProxy = D90123362D965A0F00DB3164 /* PBXContainerItemProxy */;
		};
		D90123412D965A0F00DB3164 /* PBXTargetDependency */ = {
			isa = PBXTargetDependency;
			target = D90123242D965A0D00DB3164 /* Plateify */;
			targetProxy = D90123402D965A0F00DB3164 /* PBXContainerItemProxy */;
		};
/* End PBXTargetDependency section */

/* Begin XCBuildConfiguration section */
		D90123472D965A0F00DB3164 /* Debug */ = {
			isa = XCBuildConfiguration;
			buildSettings = {
				ALWAYS_SEARCH_USER_PATHS = NO;
				ASSETCATALOG_COMPILER_GENERATE_SWIFT_ASSET_SYMBOL_EXTENSIONS = YES;
				CLANG_ANALYZER_NONNULL = YES;
				CLANG_ANALYZER_NUMBER_OBJECT_CONVERSION = YES_AGGRESSIVE;
				CLANG_CXX_LANGUAGE_STANDARD = "gnu++20";
				CLANG_ENABLE_MODULES = YES;
				CLANG_ENABLE_OBJC_ARC = YES;
				CLANG_ENABLE_OBJC_WEAK = YES;
				CLANG_WARN_BLOCK_CAPTURE_AUTORELEASING = YES;
				CLANG_WARN_BOOL_CONVERSION = YES;
				CLANG_WARN_COMMA = YES;
				CLANG_WARN_CONSTANT_CONVERSION = YES;
				CLANG_WARN_DEPRECATED_OBJC_IMPLEMENTATIONS = YES;
				CLANG_WARN_DIRECT_OBJC_ISA_USAGE = YES_ERROR;
				CLANG_WARN_DOCUMENTATION_COMMENTS = YES;
				CLANG_WARN_EMPTY_BODY = YES;
				CLANG_WARN_ENUM_CONVERSION = YES;
				CLANG_WARN_INFINITE_RECURSION = YES;
				CLANG_WARN_INT_CONVERSION = YES;
				CLANG_WARN_NON_LITERAL_NULL_CONVERSION = YES;
				CLANG_WARN_OBJC_IMPLICIT_RETAIN_SELF = YES;
				CLANG_WARN_OBJC_LITERAL_CONVERSION = YES;
				CLANG_WARN_OBJC_ROOT_CLASS = YES_ERROR;
				CLANG_WARN_QUOTED_INCLUDE_IN_FRAMEWORK_HEADER = YES;
				CLANG_WARN_RANGE_LOOP_ANALYSIS = YES;
				CLANG_WARN_STRICT_PROTOTYPES = YES;
				CLANG_WARN_SUSPICIOUS_MOVE = YES;
				CLANG_WARN_UNGUARDED_AVAILABILITY = YES_AGGRESSIVE;
				CLANG_WARN_UNREACHABLE_CODE = YES;
				CLANG_WARN__DUPLICATE_METHOD_MATCH = YES;
				COPY_PHASE_STRIP = NO;
				DEBUG_INFORMATION_FORMAT = dwarf;
				ENABLE_STRICT_OBJC_MSGSEND = YES;
				ENABLE_TESTABILITY = YES;
				ENABLE_USER_SCRIPT_SANDBOXING = YES;
				GCC_C_LANGUAGE_STANDARD = gnu17;
				GCC_DYNAMIC_NO_PIC = NO;
				GCC_NO_COMMON_BLOCKS = YES;
				GCC_OPTIMIZATION_LEVEL = 0;
				GCC_PREPROCESSOR_DEFINITIONS = (
					"DEBUG=1",
					"$(inherited)",
				);
				GCC_WARN_64_TO_32_BIT_CONVERSION = YES;
				GCC_WARN_ABOUT_RETURN_TYPE = YES_ERROR;
				GCC_WARN_UNDECLARED_SELECTOR = YES;
				GCC_WARN_UNINITIALIZED_AUTOS = YES_AGGRESSIVE;
				GCC_WARN_UNUSED_FUNCTION = YES;
				GCC_WARN_UNUSED_VARIABLE = YES;
				IPHONEOS_DEPLOYMENT_TARGET = 18.2;
				LOCALIZATION_PREFERS_STRING_CATALOGS = YES;
				MTL_ENABLE_DEBUG_INFO = INCLUDE_SOURCE;
				MTL_FAST_MATH = YES;
				ONLY_ACTIVE_ARCH = YES;
				SDKROOT = iphoneos;
				SWIFT_ACTIVE_COMPILATION_CONDITIONS = "DEBUG $(inherited)";
				SWIFT_OPTIMIZATION_LEVEL = "-Onone";
			};
			name = Debug;
		};
		D90123482D965A0F00DB3164 /* Release */ = {
			isa = XCBuildConfiguration;
			buildSettings = {
				ALWAYS_SEARCH_USER_PATHS = NO;
				ASSETCATALOG_COMPILER_GENERATE_SWIFT_ASSET_SYMBOL_EXTENSIONS = YES;
				CLANG_ANALYZER_NONNULL = YES;
				CLANG_ANALYZER_NUMBER_OBJECT_CONVERSION = YES_AGGRESSIVE;
				CLANG_CXX_LANGUAGE_STANDARD = "gnu++20";
				CLANG_ENABLE_MODULES = YES;
				CLANG_ENABLE_OBJC_ARC = YES;
				CLANG_ENABLE_OBJC_WEAK = YES;
				CLANG_WARN_BLOCK_CAPTURE_AUTORELEASING = YES;
				CLANG_WARN_BOOL_CONVERSION = YES;
				CLANG_WARN_COMMA = YES;
				CLANG_WARN_CONSTANT_CONVERSION = YES;
				CLANG_WARN_DEPRECATED_OBJC_IMPLEMENTATIONS = YES;
				CLANG_WARN_DIRECT_OBJC_ISA_USAGE = YES_ERROR;
				CLANG_WARN_DOCUMENTATION_COMMENTS = YES;
				CLANG_WARN_EMPTY_BODY = YES;
				CLANG_WARN_ENUM_CONVERSION = YES;
				CLANG_WARN_INFINITE_RECURSION = YES;
				CLANG_WARN_INT_CONVERSION = YES;
				CLANG_WARN_NON_LITERAL_NULL_CONVERSION = YES;
				CLANG_WARN_OBJC_IMPLICIT_RETAIN_SELF = YES;
				CLANG_WARN_OBJC_LITERAL_CONVERSION = YES;
				CLANG_WARN_OBJC_ROOT_CLASS = YES_ERROR;
				CLANG_WARN_QUOTED_INCLUDE_IN_FRAMEWORK_HEADER = YES;
				CLANG_WARN_RANGE_LOOP_ANALYSIS = YES;
				CLANG_WARN_STRICT_PROTOTYPES = YES;
				CLANG_WARN_SUSPICIOUS_MOVE = YES;
				CLANG_WARN_UNGUARDED_AVAILABILITY = YES_AGGRESSIVE;
				CLANG_WARN_UNREACHABLE_CODE = YES;
				CLANG_WARN__DUPLICATE_METHOD_MATCH = YES;
				COPY_PHASE_STRIP = NO;
				DEBUG_INFORMATION_FORMAT = "dwarf-with-dsym";
				ENABLE_NS_ASSERTIONS = NO;
				ENABLE_STRICT_OBJC_MSGSEND = YES;
				ENABLE_USER_SCRIPT_SANDBOXING = YES;
				GCC_C_LANGUAGE_STANDARD = gnu17;
				GCC_NO_COMMON_BLOCKS = YES;
				GCC_WARN_64_TO_32_BIT_CONVERSION = YES;
				GCC_WARN_ABOUT_RETURN_TYPE = YES_ERROR;
				GCC_WARN_UNDECLARED_SELECTOR = YES;
				GCC_WARN_UNINITIALIZED_AUTOS = YES_AGGRESSIVE;
				GCC_WARN_UNUSED_FUNCTION = YES;
				GCC_WARN_UNUSED_VARIABLE = YES;
				IPHONEOS_DEPLOYMENT_TARGET = 18.2;
				LOCALIZATION_PREFERS_STRING_CATALOGS = YES;
				MTL_ENABLE_DEBUG_INFO = NO;
				MTL_FAST_MATH = YES;
				SDKROOT = iphoneos;
				SWIFT_COMPILATION_MODE = wholemodule;
				VALIDATE_PRODUCT = YES;
			};
			name = Release;
		};
		D901234A2D965A0F00DB3164 /* Debug */ = {
			isa = XCBuildConfiguration;
			buildSettings = {
				ASSETCATALOG_COMPILER_APPICON_NAME = AppIcon;
				ASSETCATALOG_COMPILER_GLOBAL_ACCENT_COLOR_NAME = AccentColor;
				CODE_SIGN_IDENTITY = "Apple Development";
				CODE_SIGN_STYLE = Automatic;
				CURRENT_PROJECT_VERSION = 1;
				DEVELOPMENT_ASSET_PATHS = "\"Plateify/Preview Content\"";
				DEVELOPMENT_TEAM = YF8LC9C327;
				ENABLE_PREVIEWS = YES;
				GENERATE_INFOPLIST_FILE = YES;
				INFOPLIST_KEY_NSLocationAlwaysAndWhenInUseUsageDescription = "The app requests When in Use or Always authorization.";
				INFOPLIST_KEY_NSLocationAlwaysUsageDescription = "The app requests When in Use or Always authorization.";
				INFOPLIST_KEY_NSLocationTemporaryUsageDescriptionDictionary = "The app requests When in Use or Always authorization.";
				INFOPLIST_KEY_NSLocationUsageDescription = "The app requests When in Use or Always authorization.";
				INFOPLIST_KEY_NSLocationWhenInUseUsageDescription = "The app requests When in Use or Always authorization.";
				INFOPLIST_KEY_UIApplicationSceneManifest_Generation = YES;
				INFOPLIST_KEY_UIApplicationSupportsIndirectInputEvents = YES;
				INFOPLIST_KEY_UILaunchScreen_Generation = YES;
				INFOPLIST_KEY_UISupportedInterfaceOrientations_iPad = "UIInterfaceOrientationPortrait UIInterfaceOrientationPortraitUpsideDown UIInterfaceOrientationLandscapeLeft UIInterfaceOrientationLandscapeRight";
				INFOPLIST_KEY_UISupportedInterfaceOrientations_iPhone = "UIInterfaceOrientationPortrait UIInterfaceOrientationLandscapeLeft UIInterfaceOrientationLandscapeRight";
				LD_RUNPATH_SEARCH_PATHS = (
					"$(inherited)",
					"@executable_path/Frameworks",
				);
				MARKETING_VERSION = 1.0;
				PRODUCT_BUNDLE_IDENTIFIER = comEduardGaspar.Plateify;
				PRODUCT_NAME = "$(TARGET_NAME)";
				PROVISIONING_PROFILE_SPECIFIER = "";
				SWIFT_EMIT_LOC_STRINGS = YES;
				SWIFT_VERSION = 5.0;
				TARGETED_DEVICE_FAMILY = "1,2";
			};
			name = Debug;
		};
		D901234B2D965A0F00DB3164 /* Release */ = {
			isa = XCBuildConfiguration;
			buildSettings = {
				ASSETCATALOG_COMPILER_APPICON_NAME = AppIcon;
				ASSETCATALOG_COMPILER_GLOBAL_ACCENT_COLOR_NAME = AccentColor;
				CODE_SIGN_IDENTITY = "Apple Development";
				CODE_SIGN_STYLE = Automatic;
				CURRENT_PROJECT_VERSION = 1;
				DEVELOPMENT_ASSET_PATHS = "\"Plateify/Preview Content\"";
				DEVELOPMENT_TEAM = YF8LC9C327;
				ENABLE_PREVIEWS = YES;
				GENERATE_INFOPLIST_FILE = YES;
				INFOPLIST_KEY_NSLocationAlwaysAndWhenInUseUsageDescription = "The app requests When in Use or Always authorization.";
				INFOPLIST_KEY_NSLocationAlwaysUsageDescription = "The app requests When in Use or Always authorization.";
				INFOPLIST_KEY_NSLocationTemporaryUsageDescriptionDictionary = "The app requests When in Use or Always authorization.";
				INFOPLIST_KEY_NSLocationUsageDescription = "The app requests When in Use or Always authorization.";
				INFOPLIST_KEY_NSLocationWhenInUseUsageDescription = "The app requests When in Use or Always authorization.";
				INFOPLIST_KEY_UIApplicationSceneManifest_Generation = YES;
				INFOPLIST_KEY_UIApplicationSupportsIndirectInputEvents = YES;
				INFOPLIST_KEY_UILaunchScreen_Generation = YES;
				INFOPLIST_KEY_UISupportedInterfaceOrientations_iPad = "UIInterfaceOrientationPortrait UIInterfaceOrientationPortraitUpsideDown UIInterfaceOrientationLandscapeLeft UIInterfaceOrientationLandscapeRight";
				INFOPLIST_KEY_UISupportedInterfaceOrientations_iPhone = "UIInterfaceOrientationPortrait UIInterfaceOrientationLandscapeLeft UIInterfaceOrientationLandscapeRight";
				LD_RUNPATH_SEARCH_PATHS = (
					"$(inherited)",
					"@executable_path/Frameworks",
				);
				MARKETING_VERSION = 1.0;
				PRODUCT_BUNDLE_IDENTIFIER = comEduardGaspar.Plateify;
				PRODUCT_NAME = "$(TARGET_NAME)";
				PROVISIONING_PROFILE_SPECIFIER = "";
				SWIFT_EMIT_LOC_STRINGS = YES;
				SWIFT_VERSION = 5.0;
				TARGETED_DEVICE_FAMILY = "1,2";
			};
			name = Release;
		};
		D901234D2D965A0F00DB3164 /* Debug */ = {
			isa = XCBuildConfiguration;
			buildSettings = {
				BUNDLE_LOADER = "$(TEST_HOST)";
				CODE_SIGN_STYLE = Automatic;
				CURRENT_PROJECT_VERSION = 1;
				GENERATE_INFOPLIST_FILE = YES;
				IPHONEOS_DEPLOYMENT_TARGET = 18.2;
				MARKETING_VERSION = 1.0;
				PRODUCT_BUNDLE_IDENTIFIER = comEduardGaspar.PlateifyTests;
				PRODUCT_NAME = "$(TARGET_NAME)";
				SWIFT_EMIT_LOC_STRINGS = NO;
				SWIFT_VERSION = 5.0;
				TARGETED_DEVICE_FAMILY = "1,2";
				TEST_HOST = "$(BUILT_PRODUCTS_DIR)/Plateify.app/$(BUNDLE_EXECUTABLE_FOLDER_PATH)/Plateify";
			};
			name = Debug;
		};
		D901234E2D965A0F00DB3164 /* Release */ = {
			isa = XCBuildConfiguration;
			buildSettings = {
				BUNDLE_LOADER = "$(TEST_HOST)";
				CODE_SIGN_STYLE = Automatic;
				CURRENT_PROJECT_VERSION = 1;
				GENERATE_INFOPLIST_FILE = YES;
				IPHONEOS_DEPLOYMENT_TARGET = 18.2;
				MARKETING_VERSION = 1.0;
				PRODUCT_BUNDLE_IDENTIFIER = comEduardGaspar.PlateifyTests;
				PRODUCT_NAME = "$(TARGET_NAME)";
				SWIFT_EMIT_LOC_STRINGS = NO;
				SWIFT_VERSION = 5.0;
				TARGETED_DEVICE_FAMILY = "1,2";
				TEST_HOST = "$(BUILT_PRODUCTS_DIR)/Plateify.app/$(BUNDLE_EXECUTABLE_FOLDER_PATH)/Plateify";
			};
			name = Release;
		};
		D90123502D965A0F00DB3164 /* Debug */ = {
			isa = XCBuildConfiguration;
			buildSettings = {
				CODE_SIGN_STYLE = Automatic;
				CURRENT_PROJECT_VERSION = 1;
				GENERATE_INFOPLIST_FILE = YES;
				MARKETING_VERSION = 1.0;
				PRODUCT_BUNDLE_IDENTIFIER = comEduardGaspar.PlateifyUITests;
				PRODUCT_NAME = "$(TARGET_NAME)";
				SWIFT_EMIT_LOC_STRINGS = NO;
				SWIFT_VERSION = 5.0;
				TARGETED_DEVICE_FAMILY = "1,2";
				TEST_TARGET_NAME = Plateify;
			};
			name = Debug;
		};
		D90123512D965A0F00DB3164 /* Release */ = {
			isa = XCBuildConfiguration;
			buildSettings = {
				CODE_SIGN_STYLE = Automatic;
				CURRENT_PROJECT_VERSION = 1;
				GENERATE_INFOPLIST_FILE = YES;
				MARKETING_VERSION = 1.0;
				PRODUCT_BUNDLE_IDENTIFIER = comEduardGaspar.PlateifyUITests;
				PRODUCT_NAME = "$(TARGET_NAME)";
				SWIFT_EMIT_LOC_STRINGS = NO;
				SWIFT_VERSION = 5.0;
				TARGETED_DEVICE_FAMILY = "1,2";
				TEST_TARGET_NAME = Plateify;
			};
			name = Release;
		};
/* End XCBuildConfiguration section */

/* Begin XCConfigurationList section */
		D90123202D965A0D00DB3164 /* Build configuration list for PBXProject "Plateify" */ = {
			isa = XCConfigurationList;
			buildConfigurations = (
				D90123472D965A0F00DB3164 /* Debug */,
				D90123482D965A0F00DB3164 /* Release */,
			);
			defaultConfigurationIsVisible = 0;
			defaultConfigurationName = Release;
		};
		D90123492D965A0F00DB3164 /* Build configuration list for PBXNativeTarget "Plateify" */ = {
			isa = XCConfigurationList;
			buildConfigurations = (
				D901234A2D965A0F00DB3164 /* Debug */,
				D901234B2D965A0F00DB3164 /* Release */,
			);
			defaultConfigurationIsVisible = 0;
			defaultConfigurationName = Release;
		};
		D901234C2D965A0F00DB3164 /* Build configuration list for PBXNativeTarget "PlateifyTests" */ = {
			isa = XCConfigurationList;
			buildConfigurations = (
				D901234D2D965A0F00DB3164 /* Debug */,
				D901234E2D965A0F00DB3164 /* Release */,
			);
			defaultConfigurationIsVisible = 0;
			defaultConfigurationName = Release;
		};
		D901234F2D965A0F00DB3164 /* Build configuration list for PBXNativeTarget "PlateifyUITests" */ = {
			isa = XCConfigurationList;
			buildConfigurations = (
				D90123502D965A0F00DB3164 /* Debug */,
				D90123512D965A0F00DB3164 /* Release */,
			);
			defaultConfigurationIsVisible = 0;
			defaultConfigurationName = Release;
		};
/* End XCConfigurationList section */

/* Begin XCRemoteSwiftPackageReference section */
		D94091522DD3C462006BDB0F /* XCRemoteSwiftPackageReference "firebase-ios-sdk" */ = {
			isa = XCRemoteSwiftPackageReference;
			repositoryURL = "https://github.com/firebase/firebase-ios-sdk.git";
			requirement = {
				kind = upToNextMajorVersion;
				minimumVersion = 11.12.0;
			};
		};
/* End XCRemoteSwiftPackageReference section */

/* Begin XCSwiftPackageProductDependency section */
		D94091532DD3C462006BDB0F /* FirebaseAuth */ = {
			isa = XCSwiftPackageProductDependency;
			package = D94091522DD3C462006BDB0F /* XCRemoteSwiftPackageReference "firebase-ios-sdk" */;
			productName = FirebaseAuth;
		};
		D94091552DD3C462006BDB0F /* FirebaseAuthCombine-Community */ = {
			isa = XCSwiftPackageProductDependency;
			package = D94091522DD3C462006BDB0F /* XCRemoteSwiftPackageReference "firebase-ios-sdk" */;
			productName = "FirebaseAuthCombine-Community";
		};
		D94091572DD3C462006BDB0F /* FirebaseCore */ = {
			isa = XCSwiftPackageProductDependency;
			package = D94091522DD3C462006BDB0F /* XCRemoteSwiftPackageReference "firebase-ios-sdk" */;
			productName = FirebaseCore;
		};
		D94091592DD3C462006BDB0F /* FirebaseDatabase */ = {
			isa = XCSwiftPackageProductDependency;
			package = D94091522DD3C462006BDB0F /* XCRemoteSwiftPackageReference "firebase-ios-sdk" */;
			productName = FirebaseDatabase;
		};
		D940915B2DD3C462006BDB0F /* FirebaseFirestore */ = {
			isa = XCSwiftPackageProductDependency;
			package = D94091522DD3C462006BDB0F /* XCRemoteSwiftPackageReference "firebase-ios-sdk" */;
			productName = FirebaseFirestore;
		};
		D940915D2DD3C462006BDB0F /* FirebaseFirestoreCombine-Community */ = {
			isa = XCSwiftPackageProductDependency;
			package = D94091522DD3C462006BDB0F /* XCRemoteSwiftPackageReference "firebase-ios-sdk" */;
			productName = "FirebaseFirestoreCombine-Community";
		};
		D940915F2DD3C462006BDB0F /* FirebaseFunctions */ = {
			isa = XCSwiftPackageProductDependency;
			package = D94091522DD3C462006BDB0F /* XCRemoteSwiftPackageReference "firebase-ios-sdk" */;
			productName = FirebaseFunctions;
		};
		D94091612DD3C462006BDB0F /* FirebaseMessaging */ = {
			isa = XCSwiftPackageProductDependency;
			package = D94091522DD3C462006BDB0F /* XCRemoteSwiftPackageReference "firebase-ios-sdk" */;
			productName = FirebaseMessaging;
		};
		D94091632DD3C462006BDB0F /* FirebaseStorage */ = {
			isa = XCSwiftPackageProductDependency;
			package = D94091522DD3C462006BDB0F /* XCRemoteSwiftPackageReference "firebase-ios-sdk" */;
			productName = FirebaseStorage;
		};
		D94091652DD3C462006BDB0F /* FirebaseStorageCombine-Community */ = {
			isa = XCSwiftPackageProductDependency;
			package = D94091522DD3C462006BDB0F /* XCRemoteSwiftPackageReference "firebase-ios-sdk" */;
			productName = "FirebaseStorageCombine-Community";
		};
/* End XCSwiftPackageProductDependency section */
	};
	rootObject = D901231D2D965A0D00DB3164 /* Project object */;
}
